// !$*UTF8*$!
{
	archiveVersion = 1;
	classes = {
	};
	objectVersion = 56;
	objects = {

/* Begin PBXBuildFile section */
		7D749FBB2C34EEEA00EBBF8C /* Simple_LibraryApp.swift in Sources */ = {isa = PBXBuildFile; fileRef = 7D749FBA2C34EEEA00EBBF8C /* Simple_LibraryApp.swift */; };
		7D749FBD2C34EEEA00EBBF8C /* ContentView.swift in Sources */ = {isa = PBXBuildFile; fileRef = 7D749FBC2C34EEEA00EBBF8C /* ContentView.swift */; };
		7D749FBF2C34EEEB00EBBF8C /* Assets.xcassets in Resources */ = {isa = PBXBuildFile; fileRef = 7D749FBE2C34EEEB00EBBF8C /* Assets.xcassets */; };
		7D749FC22C34EEEB00EBBF8C /* Preview Assets.xcassets in Resources */ = {isa = PBXBuildFile; fileRef = 7D749FC12C34EEEB00EBBF8C /* Preview Assets.xcassets */; };
		7D749FCC2C34EEEB00EBBF8C /* Simple_LibraryTests.swift in Sources */ = {isa = PBXBuildFile; fileRef = 7D749FCB2C34EEEB00EBBF8C /* Simple_LibraryTests.swift */; };
		7D749FD62C34EEEB00EBBF8C /* Simple_LibraryUITests.swift in Sources */ = {isa = PBXBuildFile; fileRef = 7D749FD52C34EEEB00EBBF8C /* Simple_LibraryUITests.swift */; };
		7D749FD82C34EEEB00EBBF8C /* Simple_LibraryUITestsLaunchTests.swift in Sources */ = {isa = PBXBuildFile; fileRef = 7D749FD72C34EEEB00EBBF8C /* Simple_LibraryUITestsLaunchTests.swift */; };
		7D749FE52C350C6D00EBBF8C /* NetworkService.swift in Sources */ = {isa = PBXBuildFile; fileRef = 7D749FE42C350C6D00EBBF8C /* NetworkService.swift */; };
		7D749FE72C350C9A00EBBF8C /* BookListView.swift in Sources */ = {isa = PBXBuildFile; fileRef = 7D749FE62C350C9A00EBBF8C /* BookListView.swift */; };
		7D749FE92C350CD900EBBF8C /* Book.swift in Sources */ = {isa = PBXBuildFile; fileRef = 7D749FE82C350CD900EBBF8C /* Book.swift */; };
/* End PBXBuildFile section */

/* Begin PBXContainerItemProxy section */
		7D749FC82C34EEEB00EBBF8C /* PBXContainerItemProxy */ = {
			isa = PBXContainerItemProxy;
			containerPortal = 7D749FAF2C34EEEA00EBBF8C /* Project object */;
			proxyType = 1;
			remoteGlobalIDString = 7D749FB62C34EEEA00EBBF8C;
			remoteInfo = "Simple Library";
		};
		7D749FD22C34EEEB00EBBF8C /* PBXContainerItemProxy */ = {
			isa = PBXContainerItemProxy;
			containerPortal = 7D749FAF2C34EEEA00EBBF8C /* Project object */;
			proxyType = 1;
			remoteGlobalIDString = 7D749FB62C34EEEA00EBBF8C;
			remoteInfo = "Simple Library";
		};
/* End PBXContainerItemProxy section */

/* Begin PBXFileReference section */
		7D749FB72C34EEEA00EBBF8C /* Simple Library.app */ = {isa = PBXFileReference; explicitFileType = wrapper.application; includeInIndex = 0; path = "Simple Library.app"; sourceTree = BUILT_PRODUCTS_DIR; };
		7D749FBA2C34EEEA00EBBF8C /* Simple_LibraryApp.swift */ = {isa = PBXFileReference; lastKnownFileType = sourcecode.swift; path = Simple_LibraryApp.swift; sourceTree = "<group>"; };
		7D749FBC2C34EEEA00EBBF8C /* ContentView.swift */ = {isa = PBXFileReference; lastKnownFileType = sourcecode.swift; path = ContentView.swift; sourceTree = "<group>"; };
		7D749FBE2C34EEEB00EBBF8C /* Assets.xcassets */ = {isa = PBXFileReference; lastKnownFileType = folder.assetcatalog; path = Assets.xcassets; sourceTree = "<group>"; };
		7D749FC12C34EEEB00EBBF8C /* Preview Assets.xcassets */ = {isa = PBXFileReference; lastKnownFileType = folder.assetcatalog; path = "Preview Assets.xcassets"; sourceTree = "<group>"; };
		7D749FC72C34EEEB00EBBF8C /* Simple LibraryTests.xctest */ = {isa = PBXFileReference; explicitFileType = wrapper.cfbundle; includeInIndex = 0; path = "Simple LibraryTests.xctest"; sourceTree = BUILT_PRODUCTS_DIR; };
		7D749FCB2C34EEEB00EBBF8C /* Simple_LibraryTests.swift */ = {isa = PBXFileReference; lastKnownFileType = sourcecode.swift; path = Simple_LibraryTests.swift; sourceTree = "<group>"; };
		7D749FD12C34EEEB00EBBF8C /* Simple LibraryUITests.xctest */ = {isa = PBXFileReference; explicitFileType = wrapper.cfbundle; includeInIndex = 0; path = "Simple LibraryUITests.xctest"; sourceTree = BUILT_PRODUCTS_DIR; };
		7D749FD52C34EEEB00EBBF8C /* Simple_LibraryUITests.swift */ = {isa = PBXFileReference; lastKnownFileType = sourcecode.swift; path = Simple_LibraryUITests.swift; sourceTree = "<group>"; };
		7D749FD72C34EEEB00EBBF8C /* Simple_LibraryUITestsLaunchTests.swift */ = {isa = PBXFileReference; lastKnownFileType = sourcecode.swift; path = Simple_LibraryUITestsLaunchTests.swift; sourceTree = "<group>"; };
		7D749FE42C350C6D00EBBF8C /* NetworkService.swift */ = {isa = PBXFileReference; lastKnownFileType = sourcecode.swift; path = NetworkService.swift; sourceTree = "<group>"; };
		7D749FE62C350C9A00EBBF8C /* BookListView.swift */ = {isa = PBXFileReference; lastKnownFileType = sourcecode.swift; path = BookListView.swift; sourceTree = "<group>"; };
		7D749FE82C350CD900EBBF8C /* Book.swift */ = {isa = PBXFileReference; lastKnownFileType = sourcecode.swift; path = Book.swift; sourceTree = "<group>"; };
/* End PBXFileReference section */

/* Begin PBXFrameworksBuildPhase section */
		7D749FB42C34EEEA00EBBF8C /* Frameworks */ = {
			isa = PBXFrameworksBuildPhase;
			buildActionMask = 2147483647;
			files = (
			);
			runOnlyForDeploymentPostprocessing = 0;
		};
		7D749FC42C34EEEB00EBBF8C /* Frameworks */ = {
			isa = PBXFrameworksBuildPhase;
			buildActionMask = 2147483647;
			files = (
			);
			runOnlyForDeploymentPostprocessing = 0;
		};
		7D749FCE2C34EEEB00EBBF8C /* Frameworks */ = {
			isa = PBXFrameworksBuildPhase;
			buildActionMask = 2147483647;
			files = (
			);
			runOnlyForDeploymentPostprocessing = 0;
		};
/* End PBXFrameworksBuildPhase section */

/* Begin PBXGroup section */
		7D749FAE2C34EEEA00EBBF8C = {
			isa = PBXGroup;
			children = (
				7D749FB92C34EEEA00EBBF8C /* Simple Library */,
				7D749FCA2C34EEEB00EBBF8C /* Simple LibraryTests */,
				7D749FD42C34EEEB00EBBF8C /* Simple LibraryUITests */,
				7D749FB82C34EEEA00EBBF8C /* Products */,
			);
			sourceTree = "<group>";
		};
		7D749FB82C34EEEA00EBBF8C /* Products */ = {
			isa = PBXGroup;
			children = (
				7D749FB72C34EEEA00EBBF8C /* Simple Library.app */,
				7D749FC72C34EEEB00EBBF8C /* Simple LibraryTests.xctest */,
				7D749FD12C34EEEB00EBBF8C /* Simple LibraryUITests.xctest */,
			);
			name = Products;
			sourceTree = "<group>";
		};
		7D749FB92C34EEEA00EBBF8C /* Simple Library */ = {
			isa = PBXGroup;
			children = (
				7D749FBA2C34EEEA00EBBF8C /* Simple_LibraryApp.swift */,
				7D749FBC2C34EEEA00EBBF8C /* ContentView.swift */,
				7D749FBE2C34EEEB00EBBF8C /* Assets.xcassets */,
				7D749FC02C34EEEB00EBBF8C /* Preview Content */,
				7D749FE42C350C6D00EBBF8C /* NetworkService.swift */,
				7D749FE62C350C9A00EBBF8C /* BookListView.swift */,
				7D749FE82C350CD900EBBF8C /* Book.swift */,
			);
			path = "Simple Library";
			sourceTree = "<group>";
		};
		7D749FC02C34EEEB00EBBF8C /* Preview Content */ = {
			isa = PBXGroup;
			children = (
				7D749FC12C34EEEB00EBBF8C /* Preview Assets.xcassets */,
			);
			path = "Preview Content";
			sourceTree = "<group>";
		};
		7D749FCA2C34EEEB00EBBF8C /* Simple LibraryTests */ = {
			isa = PBXGroup;
			children = (
				7D749FCB2C34EEEB00EBBF8C /* Simple_LibraryTests.swift */,
			);
			path = "Simple LibraryTests";
			sourceTree = "<group>";
		};
		7D749FD42C34EEEB00EBBF8C /* Simple LibraryUITests */ = {
			isa = PBXGroup;
			children = (
				7D749FD52C34EEEB00EBBF8C /* Simple_LibraryUITests.swift */,
				7D749FD72C34EEEB00EBBF8C /* Simple_LibraryUITestsLaunchTests.swift */,
			);
			path = "Simple LibraryUITests";
			sourceTree = "<group>";
		};
/* End PBXGroup section */

/* Begin PBXNativeTarget section */
		7D749FB62C34EEEA00EBBF8C /* Simple Library */ = {
			isa = PBXNativeTarget;
			buildConfigurationList = 7D749FDB2C34EEEB00EBBF8C /* Build configuration list for PBXNativeTarget "Simple Library" */;
			buildPhases = (
				7D749FB32C34EEEA00EBBF8C /* Sources */,
				7D749FB42C34EEEA00EBBF8C /* Frameworks */,
				7D749FB52C34EEEA00EBBF8C /* Resources */,
			);
			buildRules = (
			);
			dependencies = (
			);
			name = "Simple Library";
			productName = "Simple Library";
			productReference = 7D749FB72C34EEEA00EBBF8C /* Simple Library.app */;
			productType = "com.apple.product-type.application";
		};
		7D749FC62C34EEEB00EBBF8C /* Simple LibraryTests */ = {
			isa = PBXNativeTarget;
			buildConfigurationList = 7D749FDE2C34EEEB00EBBF8C /* Build configuration list for PBXNativeTarget "Simple LibraryTests" */;
			buildPhases = (
				7D749FC32C34EEEB00EBBF8C /* Sources */,
				7D749FC42C34EEEB00EBBF8C /* Frameworks */,
				7D749FC52C34EEEB00EBBF8C /* Resources */,
			);
			buildRules = (
			);
			dependencies = (
				7D749FC92C34EEEB00EBBF8C /* PBXTargetDependency */,
			);
			name = "Simple LibraryTests";
			productName = "Simple LibraryTests";
			productReference = 7D749FC72C34EEEB00EBBF8C /* Simple LibraryTests.xctest */;
			productType = "com.apple.product-type.bundle.unit-test";
		};
		7D749FD02C34EEEB00EBBF8C /* Simple LibraryUITests */ = {
			isa = PBXNativeTarget;
			buildConfigurationList = 7D749FE12C34EEEB00EBBF8C /* Build configuration list for PBXNativeTarget "Simple LibraryUITests" */;
			buildPhases = (
				7D749FCD2C34EEEB00EBBF8C /* Sources */,
				7D749FCE2C34EEEB00EBBF8C /* Frameworks */,
				7D749FCF2C34EEEB00EBBF8C /* Resources */,
			);
			buildRules = (
			);
			dependencies = (
				7D749FD32C34EEEB00EBBF8C /* PBXTargetDependency */,
			);
			name = "Simple LibraryUITests";
			productName = "Simple LibraryUITests";
			productReference = 7D749FD12C34EEEB00EBBF8C /* Simple LibraryUITests.xctest */;
			productType = "com.apple.product-type.bundle.ui-testing";
		};
/* End PBXNativeTarget section */

/* Begin PBXProject section */
		7D749FAF2C34EEEA00EBBF8C /* Project object */ = {
			isa = PBXProject;
			attributes = {
				BuildIndependentTargetsInParallel = 1;
				LastSwiftUpdateCheck = 1540;
				LastUpgradeCheck = 1540;
				TargetAttributes = {
					7D749FB62C34EEEA00EBBF8C = {
						CreatedOnToolsVersion = 15.4;
					};
					7D749FC62C34EEEB00EBBF8C = {
						CreatedOnToolsVersion = 15.4;
						TestTargetID = 7D749FB62C34EEEA00EBBF8C;
					};
					7D749FD02C34EEEB00EBBF8C = {
						CreatedOnToolsVersion = 15.4;
						TestTargetID = 7D749FB62C34EEEA00EBBF8C;
					};
				};
			};
			buildConfigurationList = 7D749FB22C34EEEA00EBBF8C /* Build configuration list for PBXProject "Simple Library" */;
			compatibilityVersion = "Xcode 14.0";
			developmentRegion = en;
			hasScannedForEncodings = 0;
			knownRegions = (
				en,
				Base,
			);
			mainGroup = 7D749FAE2C34EEEA00EBBF8C;
			productRefGroup = 7D749FB82C34EEEA00EBBF8C /* Products */;
			projectDirPath = "";
			projectRoot = "";
			targets = (
				7D749FB62C34EEEA00EBBF8C /* Simple Library */,
				7D749FC62C34EEEB00EBBF8C /* Simple LibraryTests */,
				7D749FD02C34EEEB00EBBF8C /* Simple LibraryUITests */,
			);
		};
/* End PBXProject section */

/* Begin PBXResourcesBuildPhase section */
		7D749FB52C34EEEA00EBBF8C /* Resources */ = {
			isa = PBXResourcesBuildPhase;
			buildActionMask = 2147483647;
			files = (
				7D749FC22C34EEEB00EBBF8C /* Preview Assets.xcassets in Resources */,
				7D749FBF2C34EEEB00EBBF8C /* Assets.xcassets in Resources */,
			);
			runOnlyForDeploymentPostprocessing = 0;
		};
		7D749FC52C34EEEB00EBBF8C /* Resources */ = {
			isa = PBXResourcesBuildPhase;
			buildActionMask = 2147483647;
			files = (
			);
			runOnlyForDeploymentPostprocessing = 0;
		};
		7D749FCF2C34EEEB00EBBF8C /* Resources */ = {
			isa = PBXResourcesBuildPhase;
			buildActionMask = 2147483647;
			files = (
			);
			runOnlyForDeploymentPostprocessing = 0;
		};
/* End PBXResourcesBuildPhase section */

/* Begin PBXSourcesBuildPhase section */
		7D749FB32C34EEEA00EBBF8C /* Sources */ = {
			isa = PBXSourcesBuildPhase;
			buildActionMask = 2147483647;
			files = (
				7D749FBD2C34EEEA00EBBF8C /* ContentView.swift in Sources */,
				7D749FE52C350C6D00EBBF8C /* NetworkService.swift in Sources */,
				7D749FBB2C34EEEA00EBBF8C /* Simple_LibraryApp.swift in Sources */,
				7D749FE92C350CD900EBBF8C /* Book.swift in Sources */,
				7D749FE72C350C9A00EBBF8C /* BookListView.swift in Sources */,
			);
			runOnlyForDeploymentPostprocessing = 0;
		};
		7D749FC32C34EEEB00EBBF8C /* Sources */ = {
			isa = PBXSourcesBuildPhase;
			buildActionMask = 2147483647;
			files = (
				7D749FCC2C34EEEB00EBBF8C /* Simple_LibraryTests.swift in Sources */,
			);
			runOnlyForDeploymentPostprocessing = 0;
		};
		7D749FCD2C34EEEB00EBBF8C /* Sources */ = {
			isa = PBXSourcesBuildPhase;
			buildActionMask = 2147483647;
			files = (
				7D749FD82C34EEEB00EBBF8C /* Simple_LibraryUITestsLaunchTests.swift in Sources */,
				7D749FD62C34EEEB00EBBF8C /* Simple_LibraryUITests.swift in Sources */,
			);
			runOnlyForDeploymentPostprocessing = 0;
		};
/* End PBXSourcesBuildPhase section */

/* Begin PBXTargetDependency section */
		7D749FC92C34EEEB00EBBF8C /* PBXTargetDependency */ = {
			isa = PBXTargetDependency;
			target = 7D749FB62C34EEEA00EBBF8C /* Simple Library */;
			targetProxy = 7D749FC82C34EEEB00EBBF8C /* PBXContainerItemProxy */;
		};
		7D749FD32C34EEEB00EBBF8C /* PBXTargetDependency */ = {
			isa = PBXTargetDependency;
			target = 7D749FB62C34EEEA00EBBF8C /* Simple Library */;
			targetProxy = 7D749FD22C34EEEB00EBBF8C /* PBXContainerItemProxy */;
		};
/* End PBXTargetDependency section */

/* Begin XCBuildConfiguration section */
		7D749FD92C34EEEB00EBBF8C /* Debug */ = {
			isa = XCBuildConfiguration;
			buildSettings = {
				ALWAYS_SEARCH_USER_PATHS = NO;
				ASSETCATALOG_COMPILER_GENERATE_SWIFT_ASSET_SYMBOL_EXTENSIONS = YES;
				CLANG_ANALYZER_NONNULL = YES;
				CLANG_ANALYZER_NUMBER_OBJECT_CONVERSION = YES_AGGRESSIVE;
				CLANG_CXX_LANGUAGE_STANDARD = "gnu++20";
				CLANG_ENABLE_MODULES = YES;
				CLANG_ENABLE_OBJC_ARC = YES;
				CLANG_ENABLE_OBJC_WEAK = YES;
				CLANG_WARN_BLOCK_CAPTURE_AUTORELEASING = YES;
				CLANG_WARN_BOOL_CONVERSION = YES;
				CLANG_WARN_COMMA = YES;
				CLANG_WARN_CONSTANT_CONVERSION = YES;
				CLANG_WARN_DEPRECATED_OBJC_IMPLEMENTATIONS = YES;
				CLANG_WARN_DIRECT_OBJC_ISA_USAGE = YES_ERROR;
				CLANG_WARN_DOCUMENTATION_COMMENTS = YES;
				CLANG_WARN_EMPTY_BODY = YES;
				CLANG_WARN_ENUM_CONVERSION = YES;
				CLANG_WARN_INFINITE_RECURSION = YES;
				CLANG_WARN_INT_CONVERSION = YES;
				CLANG_WARN_NON_LITERAL_NULL_CONVERSION = YES;
				CLANG_WARN_OBJC_IMPLICIT_RETAIN_SELF = YES;
				CLANG_WARN_OBJC_LITERAL_CONVERSION = YES;
				CLANG_WARN_OBJC_ROOT_CLASS = YES_ERROR;
				CLANG_WARN_QUOTED_INCLUDE_IN_FRAMEWORK_HEADER = YES;
				CLANG_WARN_RANGE_LOOP_ANALYSIS = YES;
				CLANG_WARN_STRICT_PROTOTYPES = YES;
				CLANG_WARN_SUSPICIOUS_MOVE = YES;
				CLANG_WARN_UNGUARDED_AVAILABILITY = YES_AGGRESSIVE;
				CLANG_WARN_UNREACHABLE_CODE = YES;
				CLANG_WARN__DUPLICATE_METHOD_MATCH = YES;
				COPY_PHASE_STRIP = NO;
				DEBUG_INFORMATION_FORMAT = dwarf;
				ENABLE_STRICT_OBJC_MSGSEND = YES;
				ENABLE_TESTABILITY = YES;
				ENABLE_USER_SCRIPT_SANDBOXING = YES;
				GCC_C_LANGUAGE_STANDARD = gnu17;
				GCC_DYNAMIC_NO_PIC = NO;
				GCC_NO_COMMON_BLOCKS = YES;
				GCC_OPTIMIZATION_LEVEL = 0;
				GCC_PREPROCESSOR_DEFINITIONS = (
					"DEBUG=1",
					"$(inherited)",
				);
				GCC_WARN_64_TO_32_BIT_CONVERSION = YES;
				GCC_WARN_ABOUT_RETURN_TYPE = YES_ERROR;
				GCC_WARN_UNDECLARED_SELECTOR = YES;
				GCC_WARN_UNINITIALIZED_AUTOS = YES_AGGRESSIVE;
				GCC_WARN_UNUSED_FUNCTION = YES;
				GCC_WARN_UNUSED_VARIABLE = YES;
				IPHONEOS_DEPLOYMENT_TARGET = 17.5;
				LOCALIZATION_PREFERS_STRING_CATALOGS = YES;
				MTL_ENABLE_DEBUG_INFO = INCLUDE_SOURCE;
				MTL_FAST_MATH = YES;
				ONLY_ACTIVE_ARCH = YES;
				SDKROOT = iphoneos;
				SWIFT_ACTIVE_COMPILATION_CONDITIONS = "DEBUG $(inherited)";
				SWIFT_OPTIMIZATION_LEVEL = "-Onone";
			};
			name = Debug;
		};
		7D749FDA2C34EEEB00EBBF8C /* Release */ = {
			isa = XCBuildConfiguration;
			buildSettings = {
				ALWAYS_SEARCH_USER_PATHS = NO;
				ASSETCATALOG_COMPILER_GENERATE_SWIFT_ASSET_SYMBOL_EXTENSIONS = YES;
				CLANG_ANALYZER_NONNULL = YES;
				CLANG_ANALYZER_NUMBER_OBJECT_CONVERSION = YES_AGGRESSIVE;
				CLANG_CXX_LANGUAGE_STANDARD = "gnu++20";
				CLANG_ENABLE_MODULES = YES;
				CLANG_ENABLE_OBJC_ARC = YES;
				CLANG_ENABLE_OBJC_WEAK = YES;
				CLANG_WARN_BLOCK_CAPTURE_AUTORELEASING = YES;
				CLANG_WARN_BOOL_CONVERSION = YES;
				CLANG_WARN_COMMA = YES;
				CLANG_WARN_CONSTANT_CONVERSION = YES;
				CLANG_WARN_DEPRECATED_OBJC_IMPLEMENTATIONS = YES;
				CLANG_WARN_DIRECT_OBJC_ISA_USAGE = YES_ERROR;
				CLANG_WARN_DOCUMENTATION_COMMENTS = YES;
				CLANG_WARN_EMPTY_BODY = YES;
				CLANG_WARN_ENUM_CONVERSION = YES;
				CLANG_WARN_INFINITE_RECURSION = YES;
				CLANG_WARN_INT_CONVERSION = YES;
				CLANG_WARN_NON_LITERAL_NULL_CONVERSION = YES;
				CLANG_WARN_OBJC_IMPLICIT_RETAIN_SELF = YES;
				CLANG_WARN_OBJC_LITERAL_CONVERSION = YES;
				CLANG_WARN_OBJC_ROOT_CLASS = YES_ERROR;
				CLANG_WARN_QUOTED_INCLUDE_IN_FRAMEWORK_HEADER = YES;
				CLANG_WARN_RANGE_LOOP_ANALYSIS = YES;
				CLANG_WARN_STRICT_PROTOTYPES = YES;
				CLANG_WARN_SUSPICIOUS_MOVE = YES;
				CLANG_WARN_UNGUARDED_AVAILABILITY = YES_AGGRESSIVE;
				CLANG_WARN_UNREACHABLE_CODE = YES;
				CLANG_WARN__DUPLICATE_METHOD_MATCH = YES;
				COPY_PHASE_STRIP = NO;
				DEBUG_INFORMATION_FORMAT = "dwarf-with-dsym";
				ENABLE_NS_ASSERTIONS = NO;
				ENABLE_STRICT_OBJC_MSGSEND = YES;
				ENABLE_USER_SCRIPT_SANDBOXING = YES;
				GCC_C_LANGUAGE_STANDARD = gnu17;
				GCC_NO_COMMON_BLOCKS = YES;
				GCC_WARN_64_TO_32_BIT_CONVERSION = YES;
				GCC_WARN_ABOUT_RETURN_TYPE = YES_ERROR;
				GCC_WARN_UNDECLARED_SELECTOR = YES;
				GCC_WARN_UNINITIALIZED_AUTOS = YES_AGGRESSIVE;
				GCC_WARN_UNUSED_FUNCTION = YES;
				GCC_WARN_UNUSED_VARIABLE = YES;
				IPHONEOS_DEPLOYMENT_TARGET = 17.5;
				LOCALIZATION_PREFERS_STRING_CATALOGS = YES;
				MTL_ENABLE_DEBUG_INFO = NO;
				MTL_FAST_MATH = YES;
				SDKROOT = iphoneos;
				SWIFT_COMPILATION_MODE = wholemodule;
				VALIDATE_PRODUCT = YES;
			};
			name = Release;
		};
		7D749FDC2C34EEEB00EBBF8C /* Debug */ = {
			isa = XCBuildConfiguration;
			buildSettings = {
				ASSETCATALOG_COMPILER_APPICON_NAME = AppIcon;
				ASSETCATALOG_COMPILER_GLOBAL_ACCENT_COLOR_NAME = AccentColor;
				CODE_SIGN_STYLE = Automatic;
				CURRENT_PROJECT_VERSION = 1;
				DEVELOPMENT_ASSET_PATHS = "\"Simple Library/Preview Content\"";
				DEVELOPMENT_TEAM = 5292R9VY4W;
				ENABLE_PREVIEWS = YES;
				GENERATE_INFOPLIST_FILE = YES;
				INFOPLIST_KEY_UIApplicationSceneManifest_Generation = YES;
				INFOPLIST_KEY_UIApplicationSupportsIndirectInputEvents = YES;
				INFOPLIST_KEY_UILaunchScreen_Generation = YES;
				INFOPLIST_KEY_UISupportedInterfaceOrientations_iPad = "UIInterfaceOrientationPortrait UIInterfaceOrientationPortraitUpsideDown UIInterfaceOrientationLandscapeLeft UIInterfaceOrientationLandscapeRight";
				INFOPLIST_KEY_UISupportedInterfaceOrientations_iPhone = "UIInterfaceOrientationPortrait UIInterfaceOrientationLandscapeLeft UIInterfaceOrientationLandscapeRight";
				IPHONEOS_DEPLOYMENT_TARGET = 17.0;
				LD_RUNPATH_SEARCH_PATHS = (
					"$(inherited)",
					"@executable_path/Frameworks",
				);
				MARKETING_VERSION = 1.0;
				PRODUCT_BUNDLE_IDENTIFIER = "felipe.Simple-Library";
				PRODUCT_NAME = "$(TARGET_NAME)";
				SWIFT_EMIT_LOC_STRINGS = YES;
				SWIFT_VERSION = 5.0;
				TARGETED_DEVICE_FAMILY = "1,2";
			};
			name = Debug;
		};
		7D749FDD2C34EEEB00EBBF8C /* Release */ = {
			isa = XCBuildConfiguration;
			buildSettings = {
				ASSETCATALOG_COMPILER_APPICON_NAME = AppIcon;
				ASSETCATALOG_COMPILER_GLOBAL_ACCENT_COLOR_NAME = AccentColor;
				CODE_SIGN_STYLE = Automatic;
				CURRENT_PROJECT_VERSION = 1;
				DEVELOPMENT_ASSET_PATHS = "\"Simple Library/Preview Content\"";
				DEVELOPMENT_TEAM = 5292R9VY4W;
				ENABLE_PREVIEWS = YES;
				GENERATE_INFOPLIST_FILE = YES;
				INFOPLIST_KEY_UIApplicationSceneManifest_Generation = YES;
				INFOPLIST_KEY_UIApplicationSupportsIndirectInputEvents = YES;
				INFOPLIST_KEY_UILaunchScreen_Generation = YES;
				INFOPLIST_KEY_UISupportedInterfaceOrientations_iPad = "UIInterfaceOrientationPortrait UIInterfaceOrientationPortraitUpsideDown UIInterfaceOrientationLandscapeLeft UIInterfaceOrientationLandscapeRight";
				INFOPLIST_KEY_UISupportedInterfaceOrientations_iPhone = "UIInterfaceOrientationPortrait UIInterfaceOrientationLandscapeLeft UIInterfaceOrientationLandscapeRight";
				IPHONEOS_DEPLOYMENT_TARGET = 17.0;
				LD_RUNPATH_SEARCH_PATHS = (
					"$(inherited)",
					"@executable_path/Frameworks",
				);
				MARKETING_VERSION = 1.0;
				PRODUCT_BUNDLE_IDENTIFIER = "felipe.Simple-Library";
				PRODUCT_NAME = "$(TARGET_NAME)";
				SWIFT_EMIT_LOC_STRINGS = YES;
				SWIFT_VERSION = 5.0;
				TARGETED_DEVICE_FAMILY = "1,2";
			};
			name = Release;
		};
		7D749FDF2C34EEEB00EBBF8C /* Debug */ = {
			isa = XCBuildConfiguration;
			buildSettings = {
				ALWAYS_EMBED_SWIFT_STANDARD_LIBRARIES = YES;
				BUNDLE_LOADER = "$(TEST_HOST)";
				CODE_SIGN_STYLE = Automatic;
				CURRENT_PROJECT_VERSION = 1;
				DEVELOPMENT_TEAM = 5292R9VY4W;
				GENERATE_INFOPLIST_FILE = YES;
				IPHONEOS_DEPLOYMENT_TARGET = 17.5;
				MARKETING_VERSION = 1.0;
				PRODUCT_BUNDLE_IDENTIFIER = "felipe.Simple-LibraryTests";
				PRODUCT_NAME = "$(TARGET_NAME)";
				SWIFT_EMIT_LOC_STRINGS = NO;
				SWIFT_VERSION = 5.0;
				TARGETED_DEVICE_FAMILY = "1,2";
				TEST_HOST = "$(BUILT_PRODUCTS_DIR)/Simple Library.app/$(BUNDLE_EXECUTABLE_FOLDER_PATH)/Simple Library";
			};
			name = Debug;
		};
		7D749FE02C34EEEB00EBBF8C /* Release */ = {
			isa = XCBuildConfiguration;
			buildSettings = {
				ALWAYS_EMBED_SWIFT_STANDARD_LIBRARIES = YES;
				BUNDLE_LOADER = "$(TEST_HOST)";
				CODE_SIGN_STYLE = Automatic;
				CURRENT_PROJECT_VERSION = 1;
				DEVELOPMENT_TEAM = 5292R9VY4W;
				GENERATE_INFOPLIST_FILE = YES;
				IPHONEOS_DEPLOYMENT_TARGET = 17.5;
				MARKETING_VERSION = 1.0;
				PRODUCT_BUNDLE_IDENTIFIER = "felipe.Simple-LibraryTests";
				PRODUCT_NAME = "$(TARGET_NAME)";
				SWIFT_EMIT_LOC_STRINGS = NO;
				SWIFT_VERSION = 5.0;
				TARGETED_DEVICE_FAMILY = "1,2";
				TEST_HOST = "$(BUILT_PRODUCTS_DIR)/Simple Library.app/$(BUNDLE_EXECUTABLE_FOLDER_PATH)/Simple Library";
			};
			name = Release;
		};
		7D749FE22C34EEEB00EBBF8C /* Debug */ = {
			isa = XCBuildConfiguration;
			buildSettings = {
				ALWAYS_EMBED_SWIFT_STANDARD_LIBRARIES = YES;
				CODE_SIGN_STYLE = Automatic;
				CURRENT_PROJECT_VERSION = 1;
				DEVELOPMENT_TEAM = 5292R9VY4W;
				GENERATE_INFOPLIST_FILE = YES;
				MARKETING_VERSION = 1.0;
				PRODUCT_BUNDLE_IDENTIFIER = "felipe.Simple-LibraryUITests";
				PRODUCT_NAME = "$(TARGET_NAME)";
				SWIFT_EMIT_LOC_STRINGS = NO;
				SWIFT_VERSION = 5.0;
				TARGETED_DEVICE_FAMILY = "1,2";
				TEST_TARGET_NAME = "Simple Library";
			};
			name = Debug;
		};
		7D749FE32C34EEEB00EBBF8C /* Release */ = {
			isa = XCBuildConfiguration;
			buildSettings = {
				ALWAYS_EMBED_SWIFT_STANDARD_LIBRARIES = YES;
				CODE_SIGN_STYLE = Automatic;
				CURRENT_PROJECT_VERSION = 1;
				DEVELOPMENT_TEAM = 5292R9VY4W;
				GENERATE_INFOPLIST_FILE = YES;
				MARKETING_VERSION = 1.0;
				PRODUCT_BUNDLE_IDENTIFIER = "felipe.Simple-LibraryUITests";
				PRODUCT_NAME = "$(TARGET_NAME)";
				SWIFT_EMIT_LOC_STRINGS = NO;
				SWIFT_VERSION = 5.0;
				TARGETED_DEVICE_FAMILY = "1,2";
				TEST_TARGET_NAME = "Simple Library";
			};
			name = Release;
		};
/* End XCBuildConfiguration section */

/* Begin XCConfigurationList section */
		7D749FB22C34EEEA00EBBF8C /* Build configuration list for PBXProject "Simple Library" */ = {
			isa = XCConfigurationList;
			buildConfigurations = (
				7D749FD92C34EEEB00EBBF8C /* Debug */,
				7D749FDA2C34EEEB00EBBF8C /* Release */,
			);
			defaultConfigurationIsVisible = 0;
			defaultConfigurationName = Release;
		};
		7D749FDB2C34EEEB00EBBF8C /* Build configuration list for PBXNativeTarget "Simple Library" */ = {
			isa = XCConfigurationList;
			buildConfigurations = (
				7D749FDC2C34EEEB00EBBF8C /* Debug */,
				7D749FDD2C34EEEB00EBBF8C /* Release */,
			);
			defaultConfigurationIsVisible = 0;
			defaultConfigurationName = Release;
		};
		7D749FDE2C34EEEB00EBBF8C /* Build configuration list for PBXNativeTarget "Simple LibraryTests" */ = {
			isa = XCConfigurationList;
			buildConfigurations = (
				7D749FDF2C34EEEB00EBBF8C /* Debug */,
				7D749FE02C34EEEB00EBBF8C /* Release */,
			);
			defaultConfigurationIsVisible = 0;
			defaultConfigurationName = Release;
		};
		7D749FE12C34EEEB00EBBF8C /* Build configuration list for PBXNativeTarget "Simple LibraryUITests" */ = {
			isa = XCConfigurationList;
			buildConfigurations = (
				7D749FE22C34EEEB00EBBF8C /* Debug */,
				7D749FE32C34EEEB00EBBF8C /* Release */,
			);
			defaultConfigurationIsVisible = 0;
			defaultConfigurationName = Release;
		};
/* End XCConfigurationList section */
	};
	rootObject = 7D749FAF2C34EEEA00EBBF8C /* Project object */;
}
